
Microsoft Visual Studio Solution File, Format Version 12.00
# Visual Studio Version 17
VisualStudioVersion = 17.0.31903.59
MinimumVisualStudioVersion = 10.0.40219.1
Project("{FAE04EC0-301F-11D3-BF4B-00C04F79EFBC}") = "AuditoriasAPI", "AuditoriasAPI\AuditoriasAPI.csproj", "{C16C8FB6-511A-48B5-B047-4ED1C6CAE30B}"
EndProject
Project("{FAE04EC0-301F-11D3-BF4B-00C04F79EFBC}") = "AuditoriasWeb", "AuditoriasWeb\AuditoriasWeb.csproj", "{82905C88-BD7C-4FD6-A718-F44600FDA082}"
EndProject
Global
	GlobalSection(SolutionConfigurationPlatforms) = preSolution
		Debug|Any CPU = Debug|Any CPU
		Debug|x64 = Debug|x64
		Debug|x86 = Debug|x86
		Release|Any CPU = Release|Any CPU
		Release|x64 = Release|x64
		Release|x86 = Release|x86
	EndGlobalSection
	GlobalSection(ProjectConfigurationPlatforms) = postSolution
		{C16C8FB6-511A-48B5-B047-4ED1C6CAE30B}.Debug|Any CPU.ActiveCfg = Debug|Any CPU
		{C16C8FB6-511A-48B5-B047-4ED1C6CAE30B}.Debug|Any CPU.Build.0 = Debug|Any CPU
		{C16C8FB6-511A-48B5-B047-4ED1C6CAE30B}.Debug|x64.ActiveCfg = Debug|Any CPU
		{C16C8FB6-511A-48B5-B047-4ED1C6CAE30B}.Debug|x64.Build.0 = Debug|Any CPU
		{C16C8FB6-511A-48B5-B047-4ED1C6CAE30B}.Debug|x86.ActiveCfg = Debug|Any CPU
		{C16C8FB6-511A-48B5-B047-4ED1C6CAE30B}.Debug|x86.Build.0 = Debug|Any CPU
		{C16C8FB6-511A-48B5-B047-4ED1C6CAE30B}.Release|Any CPU.ActiveCfg = Release|Any CPU
		{C16C8FB6-511A-48B5-B047-4ED1C6CAE30B}.Release|Any CPU.Build.0 = Release|Any CPU
		{C16C8FB6-511A-48B5-B047-4ED1C6CAE30B}.Release|x64.ActiveCfg = Release|Any CPU
		{C16C8FB6-511A-48B5-B047-4ED1C6CAE30B}.Release|x64.Build.0 = Release|Any CPU
		{C16C8FB6-511A-48B5-B047-4ED1C6CAE30B}.Release|x86.ActiveCfg = Release|Any CPU
		{C16C8FB6-511A-48B5-B047-4ED1C6CAE30B}.Release|x86.Build.0 = Release|Any CPU
		{82905C88-BD7C-4FD6-A718-F44600FDA082}.Debug|Any CPU.ActiveCfg = Debug|Any CPU
		{82905C88-BD7C-4FD6-A718-F44600FDA082}.Debug|Any CPU.Build.0 = Debug|Any CPU
		{82905C88-BD7C-4FD6-A718-F44600FDA082}.Debug|x64.ActiveCfg = Debug|Any CPU
		{82905C88-BD7C-4FD6-A718-F44600FDA082}.Debug|x64.Build.0 = Debug|Any CPU
		{82905C88-BD7C-4FD6-A718-F44600FDA082}.Debug|x86.ActiveCfg = Debug|Any CPU
		{82905C88-BD7C-4FD6-A718-F44600FDA082}.Debug|x86.Build.0 = Debug|Any CPU
		{82905C88-BD7C-4FD6-A718-F44600FDA082}.Release|Any CPU.ActiveCfg = Release|Any CPU
		{82905C88-BD7C-4FD6-A718-F44600FDA082}.Release|Any CPU.Build.0 = Release|Any CPU
		{82905C88-BD7C-4FD6-A718-F44600FDA082}.Release|x64.ActiveCfg = Release|Any CPU
		{82905C88-BD7C-4FD6-A718-F44600FDA082}.Release|x64.Build.0 = Release|Any CPU
		{82905C88-BD7C-4FD6-A718-F44600FDA082}.Release|x86.ActiveCfg = Release|Any CPU
		{82905C88-BD7C-4FD6-A718-F44600FDA082}.Release|x86.Build.0 = Release|Any CPU
	EndGlobalSection
	GlobalSection(SolutionProperties) = preSolution
		HideSolutionNode = FALSE
	EndGlobalSection
EndGlobal
